// !$*UTF8*$!
{
	archiveVersion = 1;
	classes = {
	};
	objectVersion = 50;
	objects = {

/* Begin PBXBuildFile section */
		BF6C0AEA24F13C4900D83EDF /* AppDelegate.swift in Sources */ = {isa = PBXBuildFile; fileRef = BF6C0AE924F13C4900D83EDF /* AppDelegate.swift */; };
		BF6C0AEC24F13C4900D83EDF /* SceneDelegate.swift in Sources */ = {isa = PBXBuildFile; fileRef = BF6C0AEB24F13C4900D83EDF /* SceneDelegate.swift */; };
		BF6C0AEE24F13C4900D83EDF /* ViewController.swift in Sources */ = {isa = PBXBuildFile; fileRef = BF6C0AED24F13C4900D83EDF /* ViewController.swift */; };
		BF6C0AF124F13C4900D83EDF /* Main.storyboard in Resources */ = {isa = PBXBuildFile; fileRef = BF6C0AEF24F13C4900D83EDF /* Main.storyboard */; };
		BF6C0AF324F13C5100D83EDF /* Assets.xcassets in Resources */ = {isa = PBXBuildFile; fileRef = BF6C0AF224F13C5100D83EDF /* Assets.xcassets */; };
		BF6C0AF624F13C5100D83EDF /* LaunchScreen.storyboard in Resources */ = {isa = PBXBuildFile; fileRef = BF6C0AF424F13C5100D83EDF /* LaunchScreen.storyboard */; };
		BF6C0B0124F13C5200D83EDF /* QuizScoreCounterTests.swift in Sources */ = {isa = PBXBuildFile; fileRef = BF6C0B0024F13C5200D83EDF /* QuizScoreCounterTests.swift */; };
/* End PBXBuildFile section */

/* Begin PBXContainerItemProxy section */
		BF6C0AFD24F13C5200D83EDF /* PBXContainerItemProxy */ = {
			isa = PBXContainerItemProxy;
			containerPortal = BF6C0ADE24F13C4900D83EDF /* Project object */;
			proxyType = 1;
			remoteGlobalIDString = BF6C0AE524F13C4900D83EDF;
			remoteInfo = QuizScoreCounter;
		};
/* End PBXContainerItemProxy section */

/* Begin PBXFileReference section */
		BF6C0AE624F13C4900D83EDF /* QuizScoreCounter.app */ = {isa = PBXFileReference; explicitFileType = wrapper.application; includeInIndex = 0; path = QuizScoreCounter.app; sourceTree = BUILT_PRODUCTS_DIR; };
		BF6C0AE924F13C4900D83EDF /* AppDelegate.swift */ = {isa = PBXFileReference; lastKnownFileType = sourcecode.swift; path = AppDelegate.swift; sourceTree = "<group>"; };
		BF6C0AEB24F13C4900D83EDF /* SceneDelegate.swift */ = {isa = PBXFileReference; lastKnownFileType = sourcecode.swift; path = SceneDelegate.swift; sourceTree = "<group>"; };
		BF6C0AED24F13C4900D83EDF /* ViewController.swift */ = {isa = PBXFileReference; lastKnownFileType = sourcecode.swift; path = ViewController.swift; sourceTree = "<group>"; };
		BF6C0AF024F13C4900D83EDF /* Base */ = {isa = PBXFileReference; lastKnownFileType = file.storyboard; name = Base; path = Base.lproj/Main.storyboard; sourceTree = "<group>"; };
		BF6C0AF224F13C5100D83EDF /* Assets.xcassets */ = {isa = PBXFileReference; lastKnownFileType = folder.assetcatalog; path = Assets.xcassets; sourceTree = "<group>"; };
		BF6C0AF524F13C5100D83EDF /* Base */ = {isa = PBXFileReference; lastKnownFileType = file.storyboard; name = Base; path = Base.lproj/LaunchScreen.storyboard; sourceTree = "<group>"; };
		BF6C0AF724F13C5100D83EDF /* Info.plist */ = {isa = PBXFileReference; lastKnownFileType = text.plist.xml; path = Info.plist; sourceTree = "<group>"; };
		BF6C0AFC24F13C5200D83EDF /* QuizScoreCounterTests.xctest */ = {isa = PBXFileReference; explicitFileType = wrapper.cfbundle; includeInIndex = 0; path = QuizScoreCounterTests.xctest; sourceTree = BUILT_PRODUCTS_DIR; };
		BF6C0B0024F13C5200D83EDF /* QuizScoreCounterTests.swift */ = {isa = PBXFileReference; lastKnownFileType = sourcecode.swift; path = QuizScoreCounterTests.swift; sourceTree = "<group>"; };
		BF6C0B0224F13C5200D83EDF /* Info.plist */ = {isa = PBXFileReference; lastKnownFileType = text.plist.xml; path = Info.plist; sourceTree = "<group>"; };
/* End PBXFileReference section */

/* Begin PBXFrameworksBuildPhase section */
		BF6C0AE324F13C4900D83EDF /* Frameworks */ = {
			isa = PBXFrameworksBuildPhase;
			buildActionMask = 2147483647;
			files = (
			);
			runOnlyForDeploymentPostprocessing = 0;
		};
		BF6C0AF924F13C5200D83EDF /* Frameworks */ = {
			isa = PBXFrameworksBuildPhase;
			buildActionMask = 2147483647;
			files = (
			);
			runOnlyForDeploymentPostprocessing = 0;
		};
/* End PBXFrameworksBuildPhase section */

/* Begin PBXGroup section */
		BF6C0ADD24F13C4900D83EDF = {
			isa = PBXGroup;
			children = (
				BF6C0AE824F13C4900D83EDF /* QuizScoreCounter */,
				BF6C0AFF24F13C5200D83EDF /* QuizScoreCounterTests */,
				BF6C0AE724F13C4900D83EDF /* Products */,
			);
			sourceTree = "<group>";
		};
		BF6C0AE724F13C4900D83EDF /* Products */ = {
			isa = PBXGroup;
			children = (
				BF6C0AE624F13C4900D83EDF /* QuizScoreCounter.app */,
				BF6C0AFC24F13C5200D83EDF /* QuizScoreCounterTests.xctest */,
			);
			name = Products;
			sourceTree = "<group>";
		};
		BF6C0AE824F13C4900D83EDF /* QuizScoreCounter */ = {
			isa = PBXGroup;
			children = (
				BF6C0AE924F13C4900D83EDF /* AppDelegate.swift */,
				BF6C0AEB24F13C4900D83EDF /* SceneDelegate.swift */,
				BF6C0AED24F13C4900D83EDF /* ViewController.swift */,
				BF6C0AEF24F13C4900D83EDF /* Main.storyboard */,
				BF6C0AF224F13C5100D83EDF /* Assets.xcassets */,
				BF6C0AF424F13C5100D83EDF /* LaunchScreen.storyboard */,
				BF6C0AF724F13C5100D83EDF /* Info.plist */,
			);
			path = QuizScoreCounter;
			sourceTree = "<group>";
		};
		BF6C0AFF24F13C5200D83EDF /* QuizScoreCounterTests */ = {
			isa = PBXGroup;
			children = (
				BF6C0B0024F13C5200D83EDF /* QuizScoreCounterTests.swift */,
				BF6C0B0224F13C5200D83EDF /* Info.plist */,
			);
			path = QuizScoreCounterTests;
			sourceTree = "<group>";
		};
/* End PBXGroup section */

/* Begin PBXNativeTarget section */
		BF6C0AE524F13C4900D83EDF /* QuizScoreCounter */ = {
			isa = PBXNativeTarget;
			buildConfigurationList = BF6C0B0524F13C5200D83EDF /* Build configuration list for PBXNativeTarget "QuizScoreCounter" */;
			buildPhases = (
				BF6C0AE224F13C4900D83EDF /* Sources */,
				BF6C0AE324F13C4900D83EDF /* Frameworks */,
				BF6C0AE424F13C4900D83EDF /* Resources */,
			);
			buildRules = (
			);
			dependencies = (
			);
			name = QuizScoreCounter;
			productName = QuizScoreCounter;
			productReference = BF6C0AE624F13C4900D83EDF /* QuizScoreCounter.app */;
			productType = "com.apple.product-type.application";
		};
		BF6C0AFB24F13C5200D83EDF /* QuizScoreCounterTests */ = {
			isa = PBXNativeTarget;
			buildConfigurationList = BF6C0B0824F13C5200D83EDF /* Build configuration list for PBXNativeTarget "QuizScoreCounterTests" */;
			buildPhases = (
				BF6C0AF824F13C5200D83EDF /* Sources */,
				BF6C0AF924F13C5200D83EDF /* Frameworks */,
				BF6C0AFA24F13C5200D83EDF /* Resources */,
			);
			buildRules = (
			);
			dependencies = (
				BF6C0AFE24F13C5200D83EDF /* PBXTargetDependency */,
			);
			name = QuizScoreCounterTests;
			productName = QuizScoreCounterTests;
			productReference = BF6C0AFC24F13C5200D83EDF /* QuizScoreCounterTests.xctest */;
			productType = "com.apple.product-type.bundle.unit-test";
		};
/* End PBXNativeTarget section */

/* Begin PBXProject section */
		BF6C0ADE24F13C4900D83EDF /* Project object */ = {
			isa = PBXProject;
			attributes = {
				LastSwiftUpdateCheck = 1140;
				LastUpgradeCheck = 1140;
				ORGANIZATIONNAME = "r-kojima";
				TargetAttributes = {
					BF6C0AE524F13C4900D83EDF = {
						CreatedOnToolsVersion = 11.4;
					};
					BF6C0AFB24F13C5200D83EDF = {
						CreatedOnToolsVersion = 11.4;
						TestTargetID = BF6C0AE524F13C4900D83EDF;
					};
				};
			};
			buildConfigurationList = BF6C0AE124F13C4900D83EDF /* Build configuration list for PBXProject "QuizScoreCounter" */;
			compatibilityVersion = "Xcode 9.3";
			developmentRegion = en;
			hasScannedForEncodings = 0;
			knownRegions = (
				en,
				Base,
			);
			mainGroup = BF6C0ADD24F13C4900D83EDF;
			productRefGroup = BF6C0AE724F13C4900D83EDF /* Products */;
			projectDirPath = "";
			projectRoot = "";
			targets = (
				BF6C0AE524F13C4900D83EDF /* QuizScoreCounter */,
				BF6C0AFB24F13C5200D83EDF /* QuizScoreCounterTests */,
			);
		};
/* End PBXProject section */

/* Begin PBXResourcesBuildPhase section */
		BF6C0AE424F13C4900D83EDF /* Resources */ = {
			isa = PBXResourcesBuildPhase;
			buildActionMask = 2147483647;
			files = (
				BF6C0AF624F13C5100D83EDF /* LaunchScreen.storyboard in Resources */,
				BF6C0AF324F13C5100D83EDF /* Assets.xcassets in Resources */,
				BF6C0AF124F13C4900D83EDF /* Main.storyboard in Resources */,
			);
			runOnlyForDeploymentPostprocessing = 0;
		};
		BF6C0AFA24F13C5200D83EDF /* Resources */ = {
			isa = PBXResourcesBuildPhase;
			buildActionMask = 2147483647;
			files = (
			);
			runOnlyForDeploymentPostprocessing = 0;
		};
/* End PBXResourcesBuildPhase section */

/* Begin PBXSourcesBuildPhase section */
		BF6C0AE224F13C4900D83EDF /* Sources */ = {
			isa = PBXSourcesBuildPhase;
			buildActionMask = 2147483647;
			files = (
				BF6C0AEE24F13C4900D83EDF /* ViewController.swift in Sources */,
				BF6C0AEA24F13C4900D83EDF /* AppDelegate.swift in Sources */,
				BF6C0AEC24F13C4900D83EDF /* SceneDelegate.swift in Sources */,
			);
			runOnlyForDeploymentPostprocessing = 0;
		};
		BF6C0AF824F13C5200D83EDF /* Sources */ = {
			isa = PBXSourcesBuildPhase;
			buildActionMask = 2147483647;
			files = (
				BF6C0B0124F13C5200D83EDF /* QuizScoreCounterTests.swift in Sources */,
			);
			runOnlyForDeploymentPostprocessing = 0;
		};
/* End PBXSourcesBuildPhase section */

/* Begin PBXTargetDependency section */
		BF6C0AFE24F13C5200D83EDF /* PBXTargetDependency */ = {
			isa = PBXTargetDependency;
			target = BF6C0AE524F13C4900D83EDF /* QuizScoreCounter */;
			targetProxy = BF6C0AFD24F13C5200D83EDF /* PBXContainerItemProxy */;
		};
/* End PBXTargetDependency section */

/* Begin PBXVariantGroup section */
		BF6C0AEF24F13C4900D83EDF /* Main.storyboard */ = {
			isa = PBXVariantGroup;
			children = (
				BF6C0AF024F13C4900D83EDF /* Base */,
			);
			name = Main.storyboard;
			sourceTree = "<group>";
		};
		BF6C0AF424F13C5100D83EDF /* LaunchScreen.storyboard */ = {
			isa = PBXVariantGroup;
			children = (
				BF6C0AF524F13C5100D83EDF /* Base */,
			);
			name = LaunchScreen.storyboard;
			sourceTree = "<group>";
		};
/* End PBXVariantGroup section */

/* Begin XCBuildConfiguration section */
		BF6C0B0324F13C5200D83EDF /* Debug */ = {
			isa = XCBuildConfiguration;
			buildSettings = {
				ALWAYS_SEARCH_USER_PATHS = NO;
				CLANG_ANALYZER_NONNULL = YES;
				CLANG_ANALYZER_NUMBER_OBJECT_CONVERSION = YES_AGGRESSIVE;
				CLANG_CXX_LANGUAGE_STANDARD = "gnu++14";
				CLANG_CXX_LIBRARY = "libc++";
				CLANG_ENABLE_MODULES = YES;
				CLANG_ENABLE_OBJC_ARC = YES;
				CLANG_ENABLE_OBJC_WEAK = YES;
				CLANG_WARN_BLOCK_CAPTURE_AUTORELEASING = YES;
				CLANG_WARN_BOOL_CONVERSION = YES;
				CLANG_WARN_COMMA = YES;
				CLANG_WARN_CONSTANT_CONVERSION = YES;
				CLANG_WARN_DEPRECATED_OBJC_IMPLEMENTATIONS = YES;
				CLANG_WARN_DIRECT_OBJC_ISA_USAGE = YES_ERROR;
				CLANG_WARN_DOCUMENTATION_COMMENTS = YES;
				CLANG_WARN_EMPTY_BODY = YES;
				CLANG_WARN_ENUM_CONVERSION = YES;
				CLANG_WARN_INFINITE_RECURSION = YES;
				CLANG_WARN_INT_CONVERSION = YES;
				CLANG_WARN_NON_LITERAL_NULL_CONVERSION = YES;
				CLANG_WARN_OBJC_IMPLICIT_RETAIN_SELF = YES;
				CLANG_WARN_OBJC_LITERAL_CONVERSION = YES;
				CLANG_WARN_OBJC_ROOT_CLASS = YES_ERROR;
				CLANG_WARN_RANGE_LOOP_ANALYSIS = YES;
				CLANG_WARN_STRICT_PROTOTYPES = YES;
				CLANG_WARN_SUSPICIOUS_MOVE = YES;
				CLANG_WARN_UNGUARDED_AVAILABILITY = YES_AGGRESSIVE;
				CLANG_WARN_UNREACHABLE_CODE = YES;
				CLANG_WARN__DUPLICATE_METHOD_MATCH = YES;
				COPY_PHASE_STRIP = NO;
				DEBUG_INFORMATION_FORMAT = dwarf;
				ENABLE_STRICT_OBJC_MSGSEND = YES;
				ENABLE_TESTABILITY = YES;
				GCC_C_LANGUAGE_STANDARD = gnu11;
				GCC_DYNAMIC_NO_PIC = NO;
				GCC_NO_COMMON_BLOCKS = YES;
				GCC_OPTIMIZATION_LEVEL = 0;
				GCC_PREPROCESSOR_DEFINITIONS = (
					"DEBUG=1",
					"$(inherited)",
				);
				GCC_WARN_64_TO_32_BIT_CONVERSION = YES;
				GCC_WARN_ABOUT_RETURN_TYPE = YES_ERROR;
				GCC_WARN_UNDECLARED_SELECTOR = YES;
				GCC_WARN_UNINITIALIZED_AUTOS = YES_AGGRESSIVE;
				GCC_WARN_UNUSED_FUNCTION = YES;
				GCC_WARN_UNUSED_VARIABLE = YES;
				IPHONEOS_DEPLOYMENT_TARGET = 13.4;
				MTL_ENABLE_DEBUG_INFO = INCLUDE_SOURCE;
				MTL_FAST_MATH = YES;
				ONLY_ACTIVE_ARCH = YES;
				SDKROOT = iphoneos;
				SWIFT_ACTIVE_COMPILATION_CONDITIONS = DEBUG;
				SWIFT_OPTIMIZATION_LEVEL = "-Onone";
			};
			name = Debug;
		};
		BF6C0B0424F13C5200D83EDF /* Release */ = {
			isa = XCBuildConfiguration;
			buildSettings = {
				ALWAYS_SEARCH_USER_PATHS = NO;
				CLANG_ANALYZER_NONNULL = YES;
				CLANG_ANALYZER_NUMBER_OBJECT_CONVERSION = YES_AGGRESSIVE;
				CLANG_CXX_LANGUAGE_STANDARD = "gnu++14";
				CLANG_CXX_LIBRARY = "libc++";
				CLANG_ENABLE_MODULES = YES;
				CLANG_ENABLE_OBJC_ARC = YES;
				CLANG_ENABLE_OBJC_WEAK = YES;
				CLANG_WARN_BLOCK_CAPTURE_AUTORELEASING = YES;
				CLANG_WARN_BOOL_CONVERSION = YES;
				CLANG_WARN_COMMA = YES;
				CLANG_WARN_CONSTANT_CONVERSION = YES;
				CLANG_WARN_DEPRECATED_OBJC_IMPLEMENTATIONS = YES;
				CLANG_WARN_DIRECT_OBJC_ISA_USAGE = YES_ERROR;
				CLANG_WARN_DOCUMENTATION_COMMENTS = YES;
				CLANG_WARN_EMPTY_BODY = YES;
				CLANG_WARN_ENUM_CONVERSION = YES;
				CLANG_WARN_INFINITE_RECURSION = YES;
				CLANG_WARN_INT_CONVERSION = YES;
				CLANG_WARN_NON_LITERAL_NULL_CONVERSION = YES;
				CLANG_WARN_OBJC_IMPLICIT_RETAIN_SELF = YES;
				CLANG_WARN_OBJC_LITERAL_CONVERSION = YES;
				CLANG_WARN_OBJC_ROOT_CLASS = YES_ERROR;
				CLANG_WARN_RANGE_LOOP_ANALYSIS = YES;
				CLANG_WARN_STRICT_PROTOTYPES = YES;
				CLANG_WARN_SUSPICIOUS_MOVE = YES;
				CLANG_WARN_UNGUARDED_AVAILABILITY = YES_AGGRESSIVE;
				CLANG_WARN_UNREACHABLE_CODE = YES;
				CLANG_WARN__DUPLICATE_METHOD_MATCH = YES;
				COPY_PHASE_STRIP = NO;
				DEBUG_INFORMATION_FORMAT = "dwarf-with-dsym";
				ENABLE_NS_ASSERTIONS = NO;
				ENABLE_STRICT_OBJC_MSGSEND = YES;
				GCC_C_LANGUAGE_STANDARD = gnu11;
				GCC_NO_COMMON_BLOCKS = YES;
				GCC_WARN_64_TO_32_BIT_CONVERSION = YES;
				GCC_WARN_ABOUT_RETURN_TYPE = YES_ERROR;
				GCC_WARN_UNDECLARED_SELECTOR = YES;
				GCC_WARN_UNINITIALIZED_AUTOS = YES_AGGRESSIVE;
				GCC_WARN_UNUSED_FUNCTION = YES;
				GCC_WARN_UNUSED_VARIABLE = YES;
				IPHONEOS_DEPLOYMENT_TARGET = 13.4;
				MTL_ENABLE_DEBUG_INFO = NO;
				MTL_FAST_MATH = YES;
				SDKROOT = iphoneos;
				SWIFT_COMPILATION_MODE = wholemodule;
				SWIFT_OPTIMIZATION_LEVEL = "-O";
				VALIDATE_PRODUCT = YES;
			};
			name = Release;
		};
		BF6C0B0624F13C5200D83EDF /* Debug */ = {
			isa = XCBuildConfiguration;
			buildSettings = {
				ASSETCATALOG_COMPILER_APPICON_NAME = AppIcon;
				CODE_SIGN_STYLE = Automatic;
				DEVELOPMENT_TEAM = 3X79K6BFM6;
				INFOPLIST_FILE = QuizScoreCounter/Info.plist;
				LD_RUNPATH_SEARCH_PATHS = (
					"$(inherited)",
					"@executable_path/Frameworks",
				);
				PRODUCT_BUNDLE_IDENTIFIER = "com.r-kojima.QuizScoreCounter";
				PRODUCT_NAME = "$(TARGET_NAME)";
				SWIFT_VERSION = 5.0;
				TARGETED_DEVICE_FAMILY = "1,2";
			};
			name = Debug;
		};
		BF6C0B0724F13C5200D83EDF /* Release */ = {
			isa = XCBuildConfiguration;
			buildSettings = {
				ASSETCATALOG_COMPILER_APPICON_NAME = AppIcon;
				CODE_SIGN_STYLE = Automatic;
				DEVELOPMENT_TEAM = 3X79K6BFM6;
				INFOPLIST_FILE = QuizScoreCounter/Info.plist;
				LD_RUNPATH_SEARCH_PATHS = (
					"$(inherited)",
					"@executable_path/Frameworks",
				);
				PRODUCT_BUNDLE_IDENTIFIER = "com.r-kojima.QuizScoreCounter";
				PRODUCT_NAME = "$(TARGET_NAME)";
				SWIFT_VERSION = 5.0;
				TARGETED_DEVICE_FAMILY = "1,2";
			};
			name = Release;
		};
		BF6C0B0924F13C5200D83EDF /* Debug */ = {
			isa = XCBuildConfiguration;
			buildSettings = {
				ALWAYS_EMBED_SWIFT_STANDARD_LIBRARIES = YES;
				BUNDLE_LOADER = "$(TEST_HOST)";
				CODE_SIGN_STYLE = Automatic;
				DEVELOPMENT_TEAM = 3X79K6BFM6;
				INFOPLIST_FILE = QuizScoreCounterTests/Info.plist;
				IPHONEOS_DEPLOYMENT_TARGET = 13.4;
				LD_RUNPATH_SEARCH_PATHS = (
					"$(inherited)",
					"@executable_path/Frameworks",
					"@loader_path/Frameworks",
				);
				PRODUCT_BUNDLE_IDENTIFIER = "com.r-kojima.QuizScoreCounterTests";
				PRODUCT_NAME = "$(TARGET_NAME)";
				SWIFT_VERSION = 5.0;
				TARGETED_DEVICE_FAMILY = "1,2";
				TEST_HOST = "$(BUILT_PRODUCTS_DIR)/QuizScoreCounter.app/QuizScoreCounter";
			};
			name = Debug;
		};
		BF6C0B0A24F13C5200D83EDF /* Release */ = {
			isa = XCBuildConfiguration;
			buildSettings = {
				ALWAYS_EMBED_SWIFT_STANDARD_LIBRARIES = YES;
				BUNDLE_LOADER = "$(TEST_HOST)";
				CODE_SIGN_STYLE = Automatic;
				DEVELOPMENT_TEAM = 3X79K6BFM6;
				INFOPLIST_FILE = QuizScoreCounterTests/Info.plist;
				IPHONEOS_DEPLOYMENT_TARGET = 13.4;
				LD_RUNPATH_SEARCH_PATHS = (
					"$(inherited)",
					"@executable_path/Frameworks",
					"@loader_path/Frameworks",
				);
				PRODUCT_BUNDLE_IDENTIFIER = "com.r-kojima.QuizScoreCounterTests";
				PRODUCT_NAME = "$(TARGET_NAME)";
				SWIFT_VERSION = 5.0;
				TARGETED_DEVICE_FAMILY = "1,2";
				TEST_HOST = "$(BUILT_PRODUCTS_DIR)/QuizScoreCounter.app/QuizScoreCounter";
			};
			name = Release;
		};
/* End XCBuildConfiguration section */

/* Begin XCConfigurationList section */
		BF6C0AE124F13C4900D83EDF /* Build configuration list for PBXProject "QuizScoreCounter" */ = {
			isa = XCConfigurationList;
			buildConfigurations = (
				BF6C0B0324F13C5200D83EDF /* Debug */,
				BF6C0B0424F13C5200D83EDF /* Release */,
			);
			defaultConfigurationIsVisible = 0;
			defaultConfigurationName = Release;
		};
		BF6C0B0524F13C5200D83EDF /* Build configuration list for PBXNativeTarget "QuizScoreCounter" */ = {
			isa = XCConfigurationList;
			buildConfigurations = (
				BF6C0B0624F13C5200D83EDF /* Debug */,
				BF6C0B0724F13C5200D83EDF /* Release */,
			);
			defaultConfigurationIsVisible = 0;
			defaultConfigurationName = Release;
		};
		BF6C0B0824F13C5200D83EDF /* Build configuration list for PBXNativeTarget "QuizScoreCounterTests" */ = {
			isa = XCConfigurationList;
			buildConfigurations = (
				BF6C0B0924F13C5200D83EDF /* Debug */,
				BF6C0B0A24F13C5200D83EDF /* Release */,
			);
			defaultConfigurationIsVisible = 0;
			defaultConfigurationName = Release;
		};
/* End XCConfigurationList section */
	};
	rootObject = BF6C0ADE24F13C4900D83EDF /* Project object */;
}
